
Microsoft Visual Studio Solution File, Format Version 12.00
# Visual Studio Version 16
VisualStudioVersion = 16.0.30717.126
MinimumVisualStudioVersion = 10.0.40219.1
Project("{FAE04EC0-301F-11D3-BF4B-00C04F79EFBC}") = "ClassProject", "ClassProject\ClassProject.csproj", "{9C92E845-EE1A-4CF3-B28E-845B50ABA428}"
EndProject
Project("{FAE04EC0-301F-11D3-BF4B-00C04F79EFBC}") = "Guy", "Guy\Guy.csproj", "{5B844262-0D82-47C8-92AE-14B1BA4C73AE}"
EndProject
Project("{FAE04EC0-301F-11D3-BF4B-00C04F79EFBC}") = "Krystyna", "Krystyna\Krystyna.csproj", "{968C7A4F-58BC-4AEB-9BAA-C59BC0EC2C0E}"
EndProject
Project("{FAE04EC0-301F-11D3-BF4B-00C04F79EFBC}") = "Farmerzy", "Farmerzy\Farmerzy.csproj", "{AE65B3AB-A6C4-400F-A52A-490532F04A65}"
EndProject
Project("{FAE04EC0-301F-11D3-BF4B-00C04F79EFBC}") = "Ul", "Ul\Ul.csproj", "{232DFD0C-7AE9-4E2A-83A0-82179047C330}"
EndProject
Project("{FAE04EC0-301F-11D3-BF4B-00C04F79EFBC}") = "base64", "base64\base64.csproj", "{53707D1F-4D70-4A2F-A725-C204AEE72A33}"
EndProject
Project("{FAE04EC0-301F-11D3-BF4B-00C04F79EFBC}") = "GitLabApi", "GitLabApi\GitLabApi.csproj", "{5E5544DD-5E6C-4D0A-8CE2-A99BBF5F437E}"
EndProject
Project("{FAE04EC0-301F-11D3-BF4B-00C04F79EFBC}") = "GitApi", "GitApi\GitApi.csproj", "{C4A50B39-F073-4E25-9B00-01D6A02C81E2}"
EndProject
Project("{FAE04EC0-301F-11D3-BF4B-00C04F79EFBC}") = "BigFileReader", "BigFileReader\BigFileReader.csproj", "{6BC9B6DE-49CB-4143-827A-79AB81687A19}"
EndProject
Project("{FAE04EC0-301F-11D3-BF4B-00C04F79EFBC}") = "Algorytmy", "Algorytmy\Algorytmy.csproj", "{18B90012-36FC-4C45-A44E-C2C5BFCAC0E3}"
EndProject
Global
	GlobalSection(SolutionConfigurationPlatforms) = preSolution
		Debug|Any CPU = Debug|Any CPU
		Release|Any CPU = Release|Any CPU
	EndGlobalSection
	GlobalSection(ProjectConfigurationPlatforms) = postSolution
		{9C92E845-EE1A-4CF3-B28E-845B50ABA428}.Debug|Any CPU.ActiveCfg = Debug|Any CPU
		{9C92E845-EE1A-4CF3-B28E-845B50ABA428}.Debug|Any CPU.Build.0 = Debug|Any CPU
		{9C92E845-EE1A-4CF3-B28E-845B50ABA428}.Release|Any CPU.ActiveCfg = Release|Any CPU
		{9C92E845-EE1A-4CF3-B28E-845B50ABA428}.Release|Any CPU.Build.0 = Release|Any CPU
		{5B844262-0D82-47C8-92AE-14B1BA4C73AE}.Debug|Any CPU.ActiveCfg = Debug|Any CPU
		{5B844262-0D82-47C8-92AE-14B1BA4C73AE}.Debug|Any CPU.Build.0 = Debug|Any CPU
		{5B844262-0D82-47C8-92AE-14B1BA4C73AE}.Release|Any CPU.ActiveCfg = Release|Any CPU
		{5B844262-0D82-47C8-92AE-14B1BA4C73AE}.Release|Any CPU.Build.0 = Release|Any CPU
		{968C7A4F-58BC-4AEB-9BAA-C59BC0EC2C0E}.Debug|Any CPU.ActiveCfg = Debug|Any CPU
		{968C7A4F-58BC-4AEB-9BAA-C59BC0EC2C0E}.Debug|Any CPU.Build.0 = Debug|Any CPU
		{968C7A4F-58BC-4AEB-9BAA-C59BC0EC2C0E}.Release|Any CPU.ActiveCfg = Release|Any CPU
		{968C7A4F-58BC-4AEB-9BAA-C59BC0EC2C0E}.Release|Any CPU.Build.0 = Release|Any CPU
		{AE65B3AB-A6C4-400F-A52A-490532F04A65}.Debug|Any CPU.ActiveCfg = Debug|Any CPU
		{AE65B3AB-A6C4-400F-A52A-490532F04A65}.Debug|Any CPU.Build.0 = Debug|Any CPU
		{AE65B3AB-A6C4-400F-A52A-490532F04A65}.Release|Any CPU.ActiveCfg = Release|Any CPU
		{AE65B3AB-A6C4-400F-A52A-490532F04A65}.Release|Any CPU.Build.0 = Release|Any CPU
		{232DFD0C-7AE9-4E2A-83A0-82179047C330}.Debug|Any CPU.ActiveCfg = Debug|Any CPU
		{232DFD0C-7AE9-4E2A-83A0-82179047C330}.Debug|Any CPU.Build.0 = Debug|Any CPU
		{232DFD0C-7AE9-4E2A-83A0-82179047C330}.Release|Any CPU.ActiveCfg = Release|Any CPU
		{232DFD0C-7AE9-4E2A-83A0-82179047C330}.Release|Any CPU.Build.0 = Release|Any CPU
		{53707D1F-4D70-4A2F-A725-C204AEE72A33}.Debug|Any CPU.ActiveCfg = Debug|Any CPU
		{53707D1F-4D70-4A2F-A725-C204AEE72A33}.Debug|Any CPU.Build.0 = Debug|Any CPU
		{53707D1F-4D70-4A2F-A725-C204AEE72A33}.Release|Any CPU.ActiveCfg = Release|Any CPU
		{53707D1F-4D70-4A2F-A725-C204AEE72A33}.Release|Any CPU.Build.0 = Release|Any CPU
		{5E5544DD-5E6C-4D0A-8CE2-A99BBF5F437E}.Debug|Any CPU.ActiveCfg = Debug|Any CPU
		{5E5544DD-5E6C-4D0A-8CE2-A99BBF5F437E}.Debug|Any CPU.Build.0 = Debug|Any CPU
		{5E5544DD-5E6C-4D0A-8CE2-A99BBF5F437E}.Release|Any CPU.ActiveCfg = Release|Any CPU
		{5E5544DD-5E6C-4D0A-8CE2-A99BBF5F437E}.Release|Any CPU.Build.0 = Release|Any CPU
		{C4A50B39-F073-4E25-9B00-01D6A02C81E2}.Debug|Any CPU.ActiveCfg = Debug|Any CPU
		{C4A50B39-F073-4E25-9B00-01D6A02C81E2}.Debug|Any CPU.Build.0 = Debug|Any CPU
		{C4A50B39-F073-4E25-9B00-01D6A02C81E2}.Release|Any CPU.ActiveCfg = Release|Any CPU
		{C4A50B39-F073-4E25-9B00-01D6A02C81E2}.Release|Any CPU.Build.0 = Release|Any CPU
		{6BC9B6DE-49CB-4143-827A-79AB81687A19}.Debug|Any CPU.ActiveCfg = Debug|Any CPU
		{6BC9B6DE-49CB-4143-827A-79AB81687A19}.Debug|Any CPU.Build.0 = Debug|Any CPU
		{6BC9B6DE-49CB-4143-827A-79AB81687A19}.Release|Any CPU.ActiveCfg = Release|Any CPU
		{6BC9B6DE-49CB-4143-827A-79AB81687A19}.Release|Any CPU.Build.0 = Release|Any CPU
		{18B90012-36FC-4C45-A44E-C2C5BFCAC0E3}.Debug|Any CPU.ActiveCfg = Debug|Any CPU
		{18B90012-36FC-4C45-A44E-C2C5BFCAC0E3}.Debug|Any CPU.Build.0 = Debug|Any CPU
		{18B90012-36FC-4C45-A44E-C2C5BFCAC0E3}.Release|Any CPU.ActiveCfg = Release|Any CPU
		{18B90012-36FC-4C45-A44E-C2C5BFCAC0E3}.Release|Any CPU.Build.0 = Release|Any CPU
	EndGlobalSection
	GlobalSection(SolutionProperties) = preSolution
		HideSolutionNode = FALSE
	EndGlobalSection
	GlobalSection(ExtensibilityGlobals) = postSolution
		SolutionGuid = {206EE6DB-CA8A-4158-A3B2-565B92B46115}
	EndGlobalSection
EndGlobal
