
Microsoft Visual Studio Solution File, Format Version 12.00
# Visual Studio Version 16
VisualStudioVersion = 16.0.30717.126
MinimumVisualStudioVersion = 10.0.40219.1
Project("{FAE04EC0-301F-11D3-BF4B-00C04F79EFBC}") = "xopero-praktyki", "xopero-praktyki\xopero-praktyki.csproj", "{B344D2CF-C6EB-4371-8477-034E3C055D49}"
EndProject
Project("{FAE04EC0-301F-11D3-BF4B-00C04F79EFBC}") = "ClassProject", "ClassProject\ClassProject.csproj", "{9C92E845-EE1A-4CF3-B28E-845B50ABA428}"
EndProject
Global
	GlobalSection(SolutionConfigurationPlatforms) = preSolution
		Debug|Any CPU = Debug|Any CPU
		Release|Any CPU = Release|Any CPU
	EndGlobalSection
	GlobalSection(ProjectConfigurationPlatforms) = postSolution
		{B344D2CF-C6EB-4371-8477-034E3C055D49}.Debug|Any CPU.ActiveCfg = Debug|Any CPU
		{B344D2CF-C6EB-4371-8477-034E3C055D49}.Debug|Any CPU.Build.0 = Debug|Any CPU
		{B344D2CF-C6EB-4371-8477-034E3C055D49}.Release|Any CPU.ActiveCfg = Release|Any CPU
		{B344D2CF-C6EB-4371-8477-034E3C055D49}.Release|Any CPU.Build.0 = Release|Any CPU
		{9C92E845-EE1A-4CF3-B28E-845B50ABA428}.Debug|Any CPU.ActiveCfg = Debug|Any CPU
		{9C92E845-EE1A-4CF3-B28E-845B50ABA428}.Debug|Any CPU.Build.0 = Debug|Any CPU
		{9C92E845-EE1A-4CF3-B28E-845B50ABA428}.Release|Any CPU.ActiveCfg = Release|Any CPU
		{9C92E845-EE1A-4CF3-B28E-845B50ABA428}.Release|Any CPU.Build.0 = Release|Any CPU
	EndGlobalSection
	GlobalSection(SolutionProperties) = preSolution
		HideSolutionNode = FALSE
	EndGlobalSection
	GlobalSection(ExtensibilityGlobals) = postSolution
		SolutionGuid = {206EE6DB-CA8A-4158-A3B2-565B92B46115}
	EndGlobalSection
EndGlobal
